
Microsoft Visual Studio Solution File, Format Version 12.00
# Visual Studio Version 16
VisualStudioVersion = 16.0.29306.81
MinimumVisualStudioVersion = 10.0.40219.1
Project("{FAE04EC0-301F-11D3-BF4B-00C04F79EFBC}") = "C_Sharp_Practice", "C_Sharp_Practice.csproj", "{2E68CC30-3BA3-40FF-A354-B1722D1D54B5}"
EndProject
Global
	GlobalSection(SolutionConfigurationPlatforms) = preSolution
		Debug|Any CPU = Debug|Any CPU
		Release|Any CPU = Release|Any CPU
	EndGlobalSection
	GlobalSection(ProjectConfigurationPlatforms) = postSolution
		{2E68CC30-3BA3-40FF-A354-B1722D1D54B5}.Debug|Any CPU.ActiveCfg = Debug|Any CPU
		{2E68CC30-3BA3-40FF-A354-B1722D1D54B5}.Debug|Any CPU.Build.0 = Debug|Any CPU
		{2E68CC30-3BA3-40FF-A354-B1722D1D54B5}.Release|Any CPU.ActiveCfg = Release|Any CPU
		{2E68CC30-3BA3-40FF-A354-B1722D1D54B5}.Release|Any CPU.Build.0 = Release|Any CPU
	EndGlobalSection
	GlobalSection(SolutionProperties) = preSolution
		HideSolutionNode = FALSE
	EndGlobalSection
	GlobalSection(ExtensibilityGlobals) = postSolution
		SolutionGuid = {C28F8C4B-0473-4457-BDC6-6CC5F513AE49}
	EndGlobalSection
EndGlobal
